
Microsoft Visual Studio Solution File, Format Version 12.00
# Visual Studio Version 16
VisualStudioVersion = 16.0.33328.57
MinimumVisualStudioVersion = 10.0.40219.1
Project("{FAE04EC0-301F-11D3-BF4B-00C04F79EFBC}") = "Buoi03_1", "Buoi03_1\Buoi03_1.csproj", "{7A5738BD-CBCB-4223-A8ED-02C896E40F7E}"
EndProject
Project("{FAE04EC0-301F-11D3-BF4B-00C04F79EFBC}") = "Buoi03_2", "Buoi03_2\Buoi03_2.csproj", "{6BC2F466-DDCD-46C1-BE73-1EF90FCE01F0}"
EndProject
Project("{FAE04EC0-301F-11D3-BF4B-00C04F79EFBC}") = "Buoi03_3", "Buoi03_4\Buoi03_3.csproj", "{A02C7E48-46DD-4E94-A196-73C02AB9B5B2}"
EndProject
Global
	GlobalSection(SolutionConfigurationPlatforms) = preSolution
		Debug|Any CPU = Debug|Any CPU
		Release|Any CPU = Release|Any CPU
	EndGlobalSection
	GlobalSection(ProjectConfigurationPlatforms) = postSolution
		{7A5738BD-CBCB-4223-A8ED-02C896E40F7E}.Debug|Any CPU.ActiveCfg = Debug|Any CPU
		{7A5738BD-CBCB-4223-A8ED-02C896E40F7E}.Debug|Any CPU.Build.0 = Debug|Any CPU
		{7A5738BD-CBCB-4223-A8ED-02C896E40F7E}.Release|Any CPU.ActiveCfg = Release|Any CPU
		{7A5738BD-CBCB-4223-A8ED-02C896E40F7E}.Release|Any CPU.Build.0 = Release|Any CPU
		{6BC2F466-DDCD-46C1-BE73-1EF90FCE01F0}.Debug|Any CPU.ActiveCfg = Debug|Any CPU
		{6BC2F466-DDCD-46C1-BE73-1EF90FCE01F0}.Debug|Any CPU.Build.0 = Debug|Any CPU
		{6BC2F466-DDCD-46C1-BE73-1EF90FCE01F0}.Release|Any CPU.ActiveCfg = Release|Any CPU
		{6BC2F466-DDCD-46C1-BE73-1EF90FCE01F0}.Release|Any CPU.Build.0 = Release|Any CPU
		{A02C7E48-46DD-4E94-A196-73C02AB9B5B2}.Debug|Any CPU.ActiveCfg = Debug|Any CPU
		{A02C7E48-46DD-4E94-A196-73C02AB9B5B2}.Debug|Any CPU.Build.0 = Debug|Any CPU
		{A02C7E48-46DD-4E94-A196-73C02AB9B5B2}.Release|Any CPU.ActiveCfg = Release|Any CPU
		{A02C7E48-46DD-4E94-A196-73C02AB9B5B2}.Release|Any CPU.Build.0 = Release|Any CPU
	EndGlobalSection
	GlobalSection(SolutionProperties) = preSolution
		HideSolutionNode = FALSE
	EndGlobalSection
	GlobalSection(ExtensibilityGlobals) = postSolution
		SolutionGuid = {A340AC5C-D3B3-4732-AEE0-91AB2ACDC075}
	EndGlobalSection
EndGlobal
