
Microsoft Visual Studio Solution File, Format Version 12.00
# Visual Studio Version 16
VisualStudioVersion = 16.0.33328.57
MinimumVisualStudioVersion = 10.0.40219.1
Project("{FAE04EC0-301F-11D3-BF4B-00C04F79EFBC}") = "Buoi05_1", "Buoi05_1\Buoi05_1.csproj", "{67A22E9C-3DF7-4899-8168-946A953AB4CE}"
EndProject
Project("{FAE04EC0-301F-11D3-BF4B-00C04F79EFBC}") = "Buoi05_2", "Buoi05_2\Buoi05_2.csproj", "{104CDE74-565C-4C14-87BA-582000F6933D}"
EndProject
Project("{FAE04EC0-301F-11D3-BF4B-00C04F79EFBC}") = "Buoi05_3", "Buoi05_3\Buoi05_3.csproj", "{C376F0C8-5511-482B-AF6C-1C39A5F19201}"
EndProject
Project("{FAE04EC0-301F-11D3-BF4B-00C04F79EFBC}") = "Buoi05_5", "Buoi05_5\Buoi05_5.csproj", "{C0AC73C0-B4A5-48E0-BD53-2F974692750B}"
EndProject
Project("{FAE04EC0-301F-11D3-BF4B-00C04F79EFBC}") = "Buoi05_4", "Buoi05_4\Buoi05_4.csproj", "{15B69BF7-1B99-4DE7-AC93-E5AAEDD770CA}"
EndProject
Global
	GlobalSection(SolutionConfigurationPlatforms) = preSolution
		Debug|Any CPU = Debug|Any CPU
		Release|Any CPU = Release|Any CPU
	EndGlobalSection
	GlobalSection(ProjectConfigurationPlatforms) = postSolution
		{67A22E9C-3DF7-4899-8168-946A953AB4CE}.Debug|Any CPU.ActiveCfg = Debug|Any CPU
		{67A22E9C-3DF7-4899-8168-946A953AB4CE}.Debug|Any CPU.Build.0 = Debug|Any CPU
		{67A22E9C-3DF7-4899-8168-946A953AB4CE}.Release|Any CPU.ActiveCfg = Release|Any CPU
		{67A22E9C-3DF7-4899-8168-946A953AB4CE}.Release|Any CPU.Build.0 = Release|Any CPU
		{104CDE74-565C-4C14-87BA-582000F6933D}.Debug|Any CPU.ActiveCfg = Debug|Any CPU
		{104CDE74-565C-4C14-87BA-582000F6933D}.Debug|Any CPU.Build.0 = Debug|Any CPU
		{104CDE74-565C-4C14-87BA-582000F6933D}.Release|Any CPU.ActiveCfg = Release|Any CPU
		{104CDE74-565C-4C14-87BA-582000F6933D}.Release|Any CPU.Build.0 = Release|Any CPU
		{C376F0C8-5511-482B-AF6C-1C39A5F19201}.Debug|Any CPU.ActiveCfg = Debug|Any CPU
		{C376F0C8-5511-482B-AF6C-1C39A5F19201}.Debug|Any CPU.Build.0 = Debug|Any CPU
		{C376F0C8-5511-482B-AF6C-1C39A5F19201}.Release|Any CPU.ActiveCfg = Release|Any CPU
		{C376F0C8-5511-482B-AF6C-1C39A5F19201}.Release|Any CPU.Build.0 = Release|Any CPU
		{C0AC73C0-B4A5-48E0-BD53-2F974692750B}.Debug|Any CPU.ActiveCfg = Debug|Any CPU
		{C0AC73C0-B4A5-48E0-BD53-2F974692750B}.Debug|Any CPU.Build.0 = Debug|Any CPU
		{C0AC73C0-B4A5-48E0-BD53-2F974692750B}.Release|Any CPU.ActiveCfg = Release|Any CPU
		{C0AC73C0-B4A5-48E0-BD53-2F974692750B}.Release|Any CPU.Build.0 = Release|Any CPU
		{15B69BF7-1B99-4DE7-AC93-E5AAEDD770CA}.Debug|Any CPU.ActiveCfg = Debug|Any CPU
		{15B69BF7-1B99-4DE7-AC93-E5AAEDD770CA}.Debug|Any CPU.Build.0 = Debug|Any CPU
		{15B69BF7-1B99-4DE7-AC93-E5AAEDD770CA}.Release|Any CPU.ActiveCfg = Release|Any CPU
		{15B69BF7-1B99-4DE7-AC93-E5AAEDD770CA}.Release|Any CPU.Build.0 = Release|Any CPU
	EndGlobalSection
	GlobalSection(SolutionProperties) = preSolution
		HideSolutionNode = FALSE
	EndGlobalSection
	GlobalSection(ExtensibilityGlobals) = postSolution
		SolutionGuid = {05EB8C70-5656-4791-AFF9-C30FF5B69B8B}
	EndGlobalSection
EndGlobal
